
Microsoft Visual Studio Solution File, Format Version 12.00
# Visual Studio 15
VisualStudioVersion = 15.0.28010.2026
MinimumVisualStudioVersion = 10.0.40219.1
Project("{8BC9CEB8-8B4A-11D0-8D11-00A0C91BC942}") = "src", "src.vcxproj", "{1F88A50A-F3C4-4F26-B020-B74D6407C1DC}"
EndProject
Global
	GlobalSection(SolutionConfigurationPlatforms) = preSolution
		Debug|VisualGDB = Debug|VisualGDB
		Release|VisualGDB = Release|VisualGDB
	EndGlobalSection
	GlobalSection(ProjectConfigurationPlatforms) = postSolution
		{1F88A50A-F3C4-4F26-B020-B74D6407C1DC}.Debug|VisualGDB.ActiveCfg = Debug|VisualGDB
		{1F88A50A-F3C4-4F26-B020-B74D6407C1DC}.Debug|VisualGDB.Build.0 = Debug|VisualGDB
		{1F88A50A-F3C4-4F26-B020-B74D6407C1DC}.Release|VisualGDB.ActiveCfg = Release|VisualGDB
		{1F88A50A-F3C4-4F26-B020-B74D6407C1DC}.Release|VisualGDB.Build.0 = Release|VisualGDB
	EndGlobalSection
	GlobalSection(SolutionProperties) = preSolution
		HideSolutionNode = FALSE
	EndGlobalSection
	GlobalSection(ExtensibilityGlobals) = postSolution
		SolutionGuid = {8BC16CDC-C167-4657-B41D-86F44D4E7477}
	EndGlobalSection
EndGlobal
